
Microsoft Visual Studio Solution File, Format Version 12.00
# Visual Studio Version 17
VisualStudioVersion = 17.2.32630.192
MinimumVisualStudioVersion = 10.0.40219.1
Project("{9A19103F-16F7-4668-BE54-9A1E7A4F7556}") = "Distance", "Distance\Distance.csproj", "{4D3BAE17-9B8C-41F6-933F-C03D9B381E1B}"
	ProjectSection(ProjectDependencies) = postProject
		{11EA25A3-ED68-40EE-A9D0-7FDE3B583027} = {11EA25A3-ED68-40EE-A9D0-7FDE3B583027}
		{260BA753-8910-4A01-96EC-40418C24EC95} = {260BA753-8910-4A01-96EC-40418C24EC95}
		{29356642-C46E-4144-83D8-22DC09D0D7FD} = {29356642-C46E-4144-83D8-22DC09D0D7FD}
		{6CA5E67C-7AD1-4693-ADB3-6787B03194C6} = {6CA5E67C-7AD1-4693-ADB3-6787B03194C6}
	EndProjectSection
EndProject
Project("{2150E333-8FDC-42A3-9474-1A3956D46DE8}") = "Dependencies", "Dependencies", "{49E3BEEC-F703-4D74-988E-A3C47EDA3764}"
EndProject
Project("{2150E333-8FDC-42A3-9474-1A3956D46DE8}") = "AssetStudio", "AssetStudio", "{E554BE02-1FEA-4F81-BEA2-269F63B04874}"
EndProject
Project("{9A19103F-16F7-4668-BE54-9A1E7A4F7556}") = "AssetStudio", "AssetStudio\AssetStudio\AssetStudio.csproj", "{F68051F2-703F-4C21-BDD5-E656FF1F1CF9}"
EndProject
Project("{9A19103F-16F7-4668-BE54-9A1E7A4F7556}") = "AssetStudio.PInvoke", "AssetStudio\AssetStudio.PInvoke\AssetStudio.PInvoke.csproj", "{932CB795-9141-4DD1-92DE-9FE8FFE29E6E}"
EndProject
Project("{9A19103F-16F7-4668-BE54-9A1E7A4F7556}") = "AssetStudioFBXWrapper", "AssetStudio\AssetStudioFBXWrapper\AssetStudioFBXWrapper.csproj", "{6CA5E67C-7AD1-4693-ADB3-6787B03194C6}"
EndProject
Project("{9A19103F-16F7-4668-BE54-9A1E7A4F7556}") = "AssetStudioUtility", "AssetStudio\AssetStudioUtility\AssetStudioUtility.csproj", "{3F469928-A8BE-4978-9374-1CC09017FE95}"
EndProject
Project("{9A19103F-16F7-4668-BE54-9A1E7A4F7556}") = "Texture2DDecoderWrapper", "AssetStudio\Texture2DDecoderWrapper\Texture2DDecoderWrapper.csproj", "{260BA753-8910-4A01-96EC-40418C24EC95}"
EndProject
Project("{8BC9CEB8-8B4A-11D0-8D11-00A0C91BC942}") = "AssetStudioFBXNative", "AssetStudio\AssetStudioFBXNative\AssetStudioFBXNative.vcxproj", "{11EA25A3-ED68-40EE-A9D0-7FDE3B583027}"
EndProject
Project("{8BC9CEB8-8B4A-11D0-8D11-00A0C91BC942}") = "Texture2DDecoderNative", "AssetStudio\Texture2DDecoderNative\Texture2DDecoderNative.vcxproj", "{29356642-C46E-4144-83D8-22DC09D0D7FD}"
EndProject
Project("{9A19103F-16F7-4668-BE54-9A1E7A4F7556}") = "AkWWISE", "AkWWISE\AkWWISE.csproj", "{72E0BCC2-7EE9-4316-A398-8BA9878A7BFE}"
EndProject
Project("{9A19103F-16F7-4668-BE54-9A1E7A4F7556}") = "AssetStudioGUI", "AssetStudio\AssetStudioGUI\AssetStudioGUI.csproj", "{E4F4A2AC-C224-4C8F-BD09-678AC3C27731}"
EndProject
Global
	GlobalSection(SolutionConfigurationPlatforms) = preSolution
		Debug|Any CPU = Debug|Any CPU
		Debug|x64 = Debug|x64
		Debug|x86 = Debug|x86
		Release|Any CPU = Release|Any CPU
		Release|x64 = Release|x64
		Release|x86 = Release|x86
	EndGlobalSection
	GlobalSection(ProjectConfigurationPlatforms) = postSolution
		{4D3BAE17-9B8C-41F6-933F-C03D9B381E1B}.Debug|Any CPU.ActiveCfg = Debug|Any CPU
		{4D3BAE17-9B8C-41F6-933F-C03D9B381E1B}.Debug|Any CPU.Build.0 = Debug|Any CPU
		{4D3BAE17-9B8C-41F6-933F-C03D9B381E1B}.Debug|x64.ActiveCfg = Debug|Any CPU
		{4D3BAE17-9B8C-41F6-933F-C03D9B381E1B}.Debug|x64.Build.0 = Debug|Any CPU
		{4D3BAE17-9B8C-41F6-933F-C03D9B381E1B}.Debug|x86.ActiveCfg = Debug|Any CPU
		{4D3BAE17-9B8C-41F6-933F-C03D9B381E1B}.Debug|x86.Build.0 = Debug|Any CPU
		{4D3BAE17-9B8C-41F6-933F-C03D9B381E1B}.Release|Any CPU.ActiveCfg = Release|Any CPU
		{4D3BAE17-9B8C-41F6-933F-C03D9B381E1B}.Release|Any CPU.Build.0 = Release|Any CPU
		{4D3BAE17-9B8C-41F6-933F-C03D9B381E1B}.Release|x64.ActiveCfg = Release|Any CPU
		{4D3BAE17-9B8C-41F6-933F-C03D9B381E1B}.Release|x64.Build.0 = Release|Any CPU
		{4D3BAE17-9B8C-41F6-933F-C03D9B381E1B}.Release|x86.ActiveCfg = Release|Any CPU
		{4D3BAE17-9B8C-41F6-933F-C03D9B381E1B}.Release|x86.Build.0 = Release|Any CPU
		{F68051F2-703F-4C21-BDD5-E656FF1F1CF9}.Debug|Any CPU.ActiveCfg = Debug|Any CPU
		{F68051F2-703F-4C21-BDD5-E656FF1F1CF9}.Debug|Any CPU.Build.0 = Debug|Any CPU
		{F68051F2-703F-4C21-BDD5-E656FF1F1CF9}.Debug|x64.ActiveCfg = Debug|Any CPU
		{F68051F2-703F-4C21-BDD5-E656FF1F1CF9}.Debug|x64.Build.0 = Debug|Any CPU
		{F68051F2-703F-4C21-BDD5-E656FF1F1CF9}.Debug|x86.ActiveCfg = Debug|Any CPU
		{F68051F2-703F-4C21-BDD5-E656FF1F1CF9}.Debug|x86.Build.0 = Debug|Any CPU
		{F68051F2-703F-4C21-BDD5-E656FF1F1CF9}.Release|Any CPU.ActiveCfg = Release|Any CPU
		{F68051F2-703F-4C21-BDD5-E656FF1F1CF9}.Release|Any CPU.Build.0 = Release|Any CPU
		{F68051F2-703F-4C21-BDD5-E656FF1F1CF9}.Release|x64.ActiveCfg = Release|Any CPU
		{F68051F2-703F-4C21-BDD5-E656FF1F1CF9}.Release|x64.Build.0 = Release|Any CPU
		{F68051F2-703F-4C21-BDD5-E656FF1F1CF9}.Release|x86.ActiveCfg = Release|Any CPU
		{F68051F2-703F-4C21-BDD5-E656FF1F1CF9}.Release|x86.Build.0 = Release|Any CPU
		{932CB795-9141-4DD1-92DE-9FE8FFE29E6E}.Debug|Any CPU.ActiveCfg = Debug|Any CPU
		{932CB795-9141-4DD1-92DE-9FE8FFE29E6E}.Debug|Any CPU.Build.0 = Debug|Any CPU
		{932CB795-9141-4DD1-92DE-9FE8FFE29E6E}.Debug|x64.ActiveCfg = Debug|Any CPU
		{932CB795-9141-4DD1-92DE-9FE8FFE29E6E}.Debug|x64.Build.0 = Debug|Any CPU
		{932CB795-9141-4DD1-92DE-9FE8FFE29E6E}.Debug|x86.ActiveCfg = Debug|Any CPU
		{932CB795-9141-4DD1-92DE-9FE8FFE29E6E}.Debug|x86.Build.0 = Debug|Any CPU
		{932CB795-9141-4DD1-92DE-9FE8FFE29E6E}.Release|Any CPU.ActiveCfg = Release|Any CPU
		{932CB795-9141-4DD1-92DE-9FE8FFE29E6E}.Release|Any CPU.Build.0 = Release|Any CPU
		{932CB795-9141-4DD1-92DE-9FE8FFE29E6E}.Release|x64.ActiveCfg = Release|Any CPU
		{932CB795-9141-4DD1-92DE-9FE8FFE29E6E}.Release|x64.Build.0 = Release|Any CPU
		{932CB795-9141-4DD1-92DE-9FE8FFE29E6E}.Release|x86.ActiveCfg = Release|Any CPU
		{932CB795-9141-4DD1-92DE-9FE8FFE29E6E}.Release|x86.Build.0 = Release|Any CPU
		{6CA5E67C-7AD1-4693-ADB3-6787B03194C6}.Debug|Any CPU.ActiveCfg = Debug|Any CPU
		{6CA5E67C-7AD1-4693-ADB3-6787B03194C6}.Debug|Any CPU.Build.0 = Debug|Any CPU
		{6CA5E67C-7AD1-4693-ADB3-6787B03194C6}.Debug|x64.ActiveCfg = Debug|Any CPU
		{6CA5E67C-7AD1-4693-ADB3-6787B03194C6}.Debug|x64.Build.0 = Debug|Any CPU
		{6CA5E67C-7AD1-4693-ADB3-6787B03194C6}.Debug|x86.ActiveCfg = Debug|Any CPU
		{6CA5E67C-7AD1-4693-ADB3-6787B03194C6}.Debug|x86.Build.0 = Debug|Any CPU
		{6CA5E67C-7AD1-4693-ADB3-6787B03194C6}.Release|Any CPU.ActiveCfg = Release|Any CPU
		{6CA5E67C-7AD1-4693-ADB3-6787B03194C6}.Release|Any CPU.Build.0 = Release|Any CPU
		{6CA5E67C-7AD1-4693-ADB3-6787B03194C6}.Release|x64.ActiveCfg = Release|Any CPU
		{6CA5E67C-7AD1-4693-ADB3-6787B03194C6}.Release|x64.Build.0 = Release|Any CPU
		{6CA5E67C-7AD1-4693-ADB3-6787B03194C6}.Release|x86.ActiveCfg = Release|Any CPU
		{6CA5E67C-7AD1-4693-ADB3-6787B03194C6}.Release|x86.Build.0 = Release|Any CPU
		{3F469928-A8BE-4978-9374-1CC09017FE95}.Debug|Any CPU.ActiveCfg = Debug|Any CPU
		{3F469928-A8BE-4978-9374-1CC09017FE95}.Debug|Any CPU.Build.0 = Debug|Any CPU
		{3F469928-A8BE-4978-9374-1CC09017FE95}.Debug|x64.ActiveCfg = Debug|Any CPU
		{3F469928-A8BE-4978-9374-1CC09017FE95}.Debug|x64.Build.0 = Debug|Any CPU
		{3F469928-A8BE-4978-9374-1CC09017FE95}.Debug|x86.ActiveCfg = Debug|Any CPU
		{3F469928-A8BE-4978-9374-1CC09017FE95}.Debug|x86.Build.0 = Debug|Any CPU
		{3F469928-A8BE-4978-9374-1CC09017FE95}.Release|Any CPU.ActiveCfg = Release|Any CPU
		{3F469928-A8BE-4978-9374-1CC09017FE95}.Release|Any CPU.Build.0 = Release|Any CPU
		{3F469928-A8BE-4978-9374-1CC09017FE95}.Release|x64.ActiveCfg = Release|Any CPU
		{3F469928-A8BE-4978-9374-1CC09017FE95}.Release|x64.Build.0 = Release|Any CPU
		{3F469928-A8BE-4978-9374-1CC09017FE95}.Release|x86.ActiveCfg = Release|Any CPU
		{3F469928-A8BE-4978-9374-1CC09017FE95}.Release|x86.Build.0 = Release|Any CPU
		{260BA753-8910-4A01-96EC-40418C24EC95}.Debug|Any CPU.ActiveCfg = Debug|Any CPU
		{260BA753-8910-4A01-96EC-40418C24EC95}.Debug|Any CPU.Build.0 = Debug|Any CPU
		{260BA753-8910-4A01-96EC-40418C24EC95}.Debug|x64.ActiveCfg = Debug|Any CPU
		{260BA753-8910-4A01-96EC-40418C24EC95}.Debug|x64.Build.0 = Debug|Any CPU
		{260BA753-8910-4A01-96EC-40418C24EC95}.Debug|x86.ActiveCfg = Debug|Any CPU
		{260BA753-8910-4A01-96EC-40418C24EC95}.Debug|x86.Build.0 = Debug|Any CPU
		{260BA753-8910-4A01-96EC-40418C24EC95}.Release|Any CPU.ActiveCfg = Release|Any CPU
		{260BA753-8910-4A01-96EC-40418C24EC95}.Release|Any CPU.Build.0 = Release|Any CPU
		{260BA753-8910-4A01-96EC-40418C24EC95}.Release|x64.ActiveCfg = Release|Any CPU
		{260BA753-8910-4A01-96EC-40418C24EC95}.Release|x64.Build.0 = Release|Any CPU
		{260BA753-8910-4A01-96EC-40418C24EC95}.Release|x86.ActiveCfg = Release|Any CPU
		{260BA753-8910-4A01-96EC-40418C24EC95}.Release|x86.Build.0 = Release|Any CPU
		{11EA25A3-ED68-40EE-A9D0-7FDE3B583027}.Debug|Any CPU.ActiveCfg = Debug|x64
		{11EA25A3-ED68-40EE-A9D0-7FDE3B583027}.Debug|Any CPU.Build.0 = Debug|x64
		{11EA25A3-ED68-40EE-A9D0-7FDE3B583027}.Debug|x64.ActiveCfg = Debug|x64
		{11EA25A3-ED68-40EE-A9D0-7FDE3B583027}.Debug|x64.Build.0 = Debug|x64
		{11EA25A3-ED68-40EE-A9D0-7FDE3B583027}.Debug|x86.ActiveCfg = Debug|Win32
		{11EA25A3-ED68-40EE-A9D0-7FDE3B583027}.Debug|x86.Build.0 = Debug|Win32
		{11EA25A3-ED68-40EE-A9D0-7FDE3B583027}.Release|Any CPU.ActiveCfg = Release|x64
		{11EA25A3-ED68-40EE-A9D0-7FDE3B583027}.Release|Any CPU.Build.0 = Release|x64
		{11EA25A3-ED68-40EE-A9D0-7FDE3B583027}.Release|x64.ActiveCfg = Release|x64
		{11EA25A3-ED68-40EE-A9D0-7FDE3B583027}.Release|x64.Build.0 = Release|x64
		{11EA25A3-ED68-40EE-A9D0-7FDE3B583027}.Release|x86.ActiveCfg = Release|Win32
		{11EA25A3-ED68-40EE-A9D0-7FDE3B583027}.Release|x86.Build.0 = Release|Win32
		{29356642-C46E-4144-83D8-22DC09D0D7FD}.Debug|Any CPU.ActiveCfg = Debug|x64
		{29356642-C46E-4144-83D8-22DC09D0D7FD}.Debug|Any CPU.Build.0 = Debug|x64
		{29356642-C46E-4144-83D8-22DC09D0D7FD}.Debug|x64.ActiveCfg = Debug|x64
		{29356642-C46E-4144-83D8-22DC09D0D7FD}.Debug|x64.Build.0 = Debug|x64
		{29356642-C46E-4144-83D8-22DC09D0D7FD}.Debug|x86.ActiveCfg = Debug|Win32
		{29356642-C46E-4144-83D8-22DC09D0D7FD}.Debug|x86.Build.0 = Debug|Win32
		{29356642-C46E-4144-83D8-22DC09D0D7FD}.Release|Any CPU.ActiveCfg = Release|x64
		{29356642-C46E-4144-83D8-22DC09D0D7FD}.Release|Any CPU.Build.0 = Release|x64
		{29356642-C46E-4144-83D8-22DC09D0D7FD}.Release|x64.ActiveCfg = Release|x64
		{29356642-C46E-4144-83D8-22DC09D0D7FD}.Release|x64.Build.0 = Release|x64
		{29356642-C46E-4144-83D8-22DC09D0D7FD}.Release|x86.ActiveCfg = Release|Win32
		{29356642-C46E-4144-83D8-22DC09D0D7FD}.Release|x86.Build.0 = Release|Win32
		{72E0BCC2-7EE9-4316-A398-8BA9878A7BFE}.Debug|Any CPU.ActiveCfg = Debug|Any CPU
		{72E0BCC2-7EE9-4316-A398-8BA9878A7BFE}.Debug|Any CPU.Build.0 = Debug|Any CPU
		{72E0BCC2-7EE9-4316-A398-8BA9878A7BFE}.Debug|x64.ActiveCfg = Debug|Any CPU
		{72E0BCC2-7EE9-4316-A398-8BA9878A7BFE}.Debug|x64.Build.0 = Debug|Any CPU
		{72E0BCC2-7EE9-4316-A398-8BA9878A7BFE}.Debug|x86.ActiveCfg = Debug|Any CPU
		{72E0BCC2-7EE9-4316-A398-8BA9878A7BFE}.Debug|x86.Build.0 = Debug|Any CPU
		{72E0BCC2-7EE9-4316-A398-8BA9878A7BFE}.Release|Any CPU.ActiveCfg = Release|Any CPU
		{72E0BCC2-7EE9-4316-A398-8BA9878A7BFE}.Release|Any CPU.Build.0 = Release|Any CPU
		{72E0BCC2-7EE9-4316-A398-8BA9878A7BFE}.Release|x64.ActiveCfg = Release|Any CPU
		{72E0BCC2-7EE9-4316-A398-8BA9878A7BFE}.Release|x64.Build.0 = Release|Any CPU
		{72E0BCC2-7EE9-4316-A398-8BA9878A7BFE}.Release|x86.ActiveCfg = Release|Any CPU
		{72E0BCC2-7EE9-4316-A398-8BA9878A7BFE}.Release|x86.Build.0 = Release|Any CPU
		{E4F4A2AC-C224-4C8F-BD09-678AC3C27731}.Debug|Any CPU.ActiveCfg = Debug|Any CPU
		{E4F4A2AC-C224-4C8F-BD09-678AC3C27731}.Debug|Any CPU.Build.0 = Debug|Any CPU
		{E4F4A2AC-C224-4C8F-BD09-678AC3C27731}.Debug|x64.ActiveCfg = Debug|Any CPU
		{E4F4A2AC-C224-4C8F-BD09-678AC3C27731}.Debug|x64.Build.0 = Debug|Any CPU
		{E4F4A2AC-C224-4C8F-BD09-678AC3C27731}.Debug|x86.ActiveCfg = Debug|Any CPU
		{E4F4A2AC-C224-4C8F-BD09-678AC3C27731}.Debug|x86.Build.0 = Debug|Any CPU
		{E4F4A2AC-C224-4C8F-BD09-678AC3C27731}.Release|Any CPU.ActiveCfg = Release|Any CPU
		{E4F4A2AC-C224-4C8F-BD09-678AC3C27731}.Release|Any CPU.Build.0 = Release|Any CPU
		{E4F4A2AC-C224-4C8F-BD09-678AC3C27731}.Release|x64.ActiveCfg = Release|Any CPU
		{E4F4A2AC-C224-4C8F-BD09-678AC3C27731}.Release|x64.Build.0 = Release|Any CPU
		{E4F4A2AC-C224-4C8F-BD09-678AC3C27731}.Release|x86.ActiveCfg = Release|Any CPU
		{E4F4A2AC-C224-4C8F-BD09-678AC3C27731}.Release|x86.Build.0 = Release|Any CPU
	EndGlobalSection
	GlobalSection(SolutionProperties) = preSolution
		HideSolutionNode = FALSE
	EndGlobalSection
	GlobalSection(NestedProjects) = preSolution
		{E554BE02-1FEA-4F81-BEA2-269F63B04874} = {49E3BEEC-F703-4D74-988E-A3C47EDA3764}
		{F68051F2-703F-4C21-BDD5-E656FF1F1CF9} = {E554BE02-1FEA-4F81-BEA2-269F63B04874}
		{932CB795-9141-4DD1-92DE-9FE8FFE29E6E} = {E554BE02-1FEA-4F81-BEA2-269F63B04874}
		{6CA5E67C-7AD1-4693-ADB3-6787B03194C6} = {E554BE02-1FEA-4F81-BEA2-269F63B04874}
		{3F469928-A8BE-4978-9374-1CC09017FE95} = {E554BE02-1FEA-4F81-BEA2-269F63B04874}
		{260BA753-8910-4A01-96EC-40418C24EC95} = {E554BE02-1FEA-4F81-BEA2-269F63B04874}
		{11EA25A3-ED68-40EE-A9D0-7FDE3B583027} = {E554BE02-1FEA-4F81-BEA2-269F63B04874}
		{29356642-C46E-4144-83D8-22DC09D0D7FD} = {E554BE02-1FEA-4F81-BEA2-269F63B04874}
		{E4F4A2AC-C224-4C8F-BD09-678AC3C27731} = {E554BE02-1FEA-4F81-BEA2-269F63B04874}
	EndGlobalSection
	GlobalSection(ExtensibilityGlobals) = postSolution
		SolutionGuid = {157B9B83-409F-40F5-B040-D69C388DC5BC}
	EndGlobalSection
EndGlobal
